
Microsoft Visual Studio Solution File, Format Version 12.00
# Visual Studio Version 17
VisualStudioVersion = 17.10.35027.167
MinimumVisualStudioVersion = 10.0.40219.1
Project("{FAE04EC0-301F-11D3-BF4B-00C04F79EFBC}") = "SpendApp", "SpendApp\SpendApp.csproj", "{2B6B0322-ABF2-498D-864A-2F3486BEC92A}"
EndProject
Project("{FAE04EC0-301F-11D3-BF4B-00C04F79EFBC}") = "SpendApp.Tests", "SpendApp.Tests\SpendApp.Tests.csproj", "{DD82738B-7759-4F24-B264-DE4C6506924B}"
EndProject
Global
	GlobalSection(SolutionConfigurationPlatforms) = preSolution
		Debug|Any CPU = Debug|Any CPU
		Release|Any CPU = Release|Any CPU
	EndGlobalSection
	GlobalSection(ProjectConfigurationPlatforms) = postSolution
		{2B6B0322-ABF2-498D-864A-2F3486BEC92A}.Debug|Any CPU.ActiveCfg = Debug|Any CPU
		{2B6B0322-ABF2-498D-864A-2F3486BEC92A}.Debug|Any CPU.Build.0 = Debug|Any CPU
		{2B6B0322-ABF2-498D-864A-2F3486BEC92A}.Release|Any CPU.ActiveCfg = Release|Any CPU
		{2B6B0322-ABF2-498D-864A-2F3486BEC92A}.Release|Any CPU.Build.0 = Release|Any CPU
		{DD82738B-7759-4F24-B264-DE4C6506924B}.Debug|Any CPU.ActiveCfg = Debug|Any CPU
		{DD82738B-7759-4F24-B264-DE4C6506924B}.Debug|Any CPU.Build.0 = Debug|Any CPU
		{DD82738B-7759-4F24-B264-DE4C6506924B}.Release|Any CPU.ActiveCfg = Release|Any CPU
		{DD82738B-7759-4F24-B264-DE4C6506924B}.Release|Any CPU.Build.0 = Release|Any CPU
	EndGlobalSection
	GlobalSection(SolutionProperties) = preSolution
		HideSolutionNode = FALSE
	EndGlobalSection
	GlobalSection(ExtensibilityGlobals) = postSolution
		SolutionGuid = {28D5ED46-36C9-4598-8FCA-0940B527DAE1}
	EndGlobalSection
EndGlobal
